
Microsoft Visual Studio Solution File, Format Version 12.00
# Visual Studio Version 18
VisualStudioVersion = 18.1.11312.151 d18.0
MinimumVisualStudioVersion = 10.0.40219.1
Project("{FAE04EC0-301F-11D3-BF4B-00C04F79EFBC}") = "ConfigXML", "ConfigXML.csproj", "{66ABB2DA-0CE0-7036-47B8-17FC707EF53F}"
EndProject
Global
	GlobalSection(SolutionConfigurationPlatforms) = preSolution
		Debug|Any CPU = Debug|Any CPU
		Release|Any CPU = Release|Any CPU
	EndGlobalSection
	GlobalSection(ProjectConfigurationPlatforms) = postSolution
		{66ABB2DA-0CE0-7036-47B8-17FC707EF53F}.Debug|Any CPU.ActiveCfg = Debug|Any CPU
		{66ABB2DA-0CE0-7036-47B8-17FC707EF53F}.Debug|Any CPU.Build.0 = Debug|Any CPU
		{66ABB2DA-0CE0-7036-47B8-17FC707EF53F}.Release|Any CPU.ActiveCfg = Release|Any CPU
		{66ABB2DA-0CE0-7036-47B8-17FC707EF53F}.Release|Any CPU.Build.0 = Release|Any CPU
	EndGlobalSection
	GlobalSection(SolutionProperties) = preSolution
		HideSolutionNode = FALSE
	EndGlobalSection
	GlobalSection(ExtensibilityGlobals) = postSolution
		SolutionGuid = {0F670925-25D5-417F-AED4-5FAD9C40E76A}
	EndGlobalSection
EndGlobal
